
Microsoft Visual Studio Solution File, Format Version 12.00
# Visual Studio 14
VisualStudioVersion = 14.0.25420.1
MinimumVisualStudioVersion = 10.0.40219.1
Project("{FAE04EC0-301F-11D3-BF4B-00C04F79EFBC}") = "FindRandomNumber", "FindRandomNumber\FindRandomNumber.csproj", "{02FA0632-BF94-412A-B375-A28E24D8E8B1}"
EndProject
Project("{FAE04EC0-301F-11D3-BF4B-00C04F79EFBC}") = "FindRandomNumber.Tests", "FindRandomNumber.Tests\FindRandomNumber.Tests.csproj", "{7D16F157-349B-418A-ABBE-7FFC77963266}"
EndProject
Project("{FAE04EC0-301F-11D3-BF4B-00C04F79EFBC}") = "FindRandomNumber.Generation", "FindRandomNumber.Generation\FindRandomNumber.Generation.csproj", "{6C7D4875-30EA-47B4-9718-5D19EAFC0136}"
EndProject
Project("{FAE04EC0-301F-11D3-BF4B-00C04F79EFBC}") = "FindRandomNumber.Guessing", "FindRandomNumber.Guessing\FindRandomNumber.Guessing.csproj", "{6E0AFEB0-9470-458B-AEFD-71C026B88954}"
EndProject
Project("{FAE04EC0-301F-11D3-BF4B-00C04F79EFBC}") = "FindRandomNumber.Common", "FindRandomNumber.Common\FindRandomNumber.Common.csproj", "{8CFB6052-16D2-4CE0-BB46-FE3CCE2795CF}"
EndProject
Global
	GlobalSection(SolutionConfigurationPlatforms) = preSolution
		Debug|Any CPU = Debug|Any CPU
		Release|Any CPU = Release|Any CPU
	EndGlobalSection
	GlobalSection(ProjectConfigurationPlatforms) = postSolution
		{02FA0632-BF94-412A-B375-A28E24D8E8B1}.Debug|Any CPU.ActiveCfg = Debug|Any CPU
		{02FA0632-BF94-412A-B375-A28E24D8E8B1}.Debug|Any CPU.Build.0 = Debug|Any CPU
		{02FA0632-BF94-412A-B375-A28E24D8E8B1}.Release|Any CPU.ActiveCfg = Release|Any CPU
		{02FA0632-BF94-412A-B375-A28E24D8E8B1}.Release|Any CPU.Build.0 = Release|Any CPU
		{7D16F157-349B-418A-ABBE-7FFC77963266}.Debug|Any CPU.ActiveCfg = Debug|Any CPU
		{7D16F157-349B-418A-ABBE-7FFC77963266}.Debug|Any CPU.Build.0 = Debug|Any CPU
		{7D16F157-349B-418A-ABBE-7FFC77963266}.Release|Any CPU.ActiveCfg = Release|Any CPU
		{7D16F157-349B-418A-ABBE-7FFC77963266}.Release|Any CPU.Build.0 = Release|Any CPU
		{6C7D4875-30EA-47B4-9718-5D19EAFC0136}.Debug|Any CPU.ActiveCfg = Debug|Any CPU
		{6C7D4875-30EA-47B4-9718-5D19EAFC0136}.Debug|Any CPU.Build.0 = Debug|Any CPU
		{6C7D4875-30EA-47B4-9718-5D19EAFC0136}.Release|Any CPU.ActiveCfg = Release|Any CPU
		{6C7D4875-30EA-47B4-9718-5D19EAFC0136}.Release|Any CPU.Build.0 = Release|Any CPU
		{6E0AFEB0-9470-458B-AEFD-71C026B88954}.Debug|Any CPU.ActiveCfg = Debug|Any CPU
		{6E0AFEB0-9470-458B-AEFD-71C026B88954}.Debug|Any CPU.Build.0 = Debug|Any CPU
		{6E0AFEB0-9470-458B-AEFD-71C026B88954}.Release|Any CPU.ActiveCfg = Release|Any CPU
		{6E0AFEB0-9470-458B-AEFD-71C026B88954}.Release|Any CPU.Build.0 = Release|Any CPU
		{8CFB6052-16D2-4CE0-BB46-FE3CCE2795CF}.Debug|Any CPU.ActiveCfg = Debug|Any CPU
		{8CFB6052-16D2-4CE0-BB46-FE3CCE2795CF}.Debug|Any CPU.Build.0 = Debug|Any CPU
		{8CFB6052-16D2-4CE0-BB46-FE3CCE2795CF}.Release|Any CPU.ActiveCfg = Release|Any CPU
		{8CFB6052-16D2-4CE0-BB46-FE3CCE2795CF}.Release|Any CPU.Build.0 = Release|Any CPU
	EndGlobalSection
	GlobalSection(SolutionProperties) = preSolution
		HideSolutionNode = FALSE
	EndGlobalSection
EndGlobal
